
Microsoft Visual Studio Solution File, Format Version 12.00
# Visual Studio 15
VisualStudioVersion = 15.0.28307.106
MinimumVisualStudioVersion = 10.0.40219.1
Project("{FAE04EC0-301F-11D3-BF4B-00C04F79EFBC}") = "ch4_9", "ch4_9\ch4_9.csproj", "{A08CEDFE-C444-49A0-9652-F9C41609FD2E}"
EndProject
Global
	GlobalSection(SolutionConfigurationPlatforms) = preSolution
		Debug|Any CPU = Debug|Any CPU
		Release|Any CPU = Release|Any CPU
	EndGlobalSection
	GlobalSection(ProjectConfigurationPlatforms) = postSolution
		{A08CEDFE-C444-49A0-9652-F9C41609FD2E}.Debug|Any CPU.ActiveCfg = Debug|Any CPU
		{A08CEDFE-C444-49A0-9652-F9C41609FD2E}.Debug|Any CPU.Build.0 = Debug|Any CPU
		{A08CEDFE-C444-49A0-9652-F9C41609FD2E}.Release|Any CPU.ActiveCfg = Release|Any CPU
		{A08CEDFE-C444-49A0-9652-F9C41609FD2E}.Release|Any CPU.Build.0 = Release|Any CPU
	EndGlobalSection
	GlobalSection(SolutionProperties) = preSolution
		HideSolutionNode = FALSE
	EndGlobalSection
	GlobalSection(ExtensibilityGlobals) = postSolution
		SolutionGuid = {657E27E6-BA7D-4E3C-A7BB-5B4A05845BB1}
	EndGlobalSection
EndGlobal
