
Microsoft Visual Studio Solution File, Format Version 12.00
# Visual Studio 15
VisualStudioVersion = 15.0.28307.106
MinimumVisualStudioVersion = 10.0.40219.1
Project("{FAE04EC0-301F-11D3-BF4B-00C04F79EFBC}") = "ch13_10", "ch13_10\ch13_10.csproj", "{819BC672-E09F-4546-9F41-390280854F87}"
EndProject
Global
	GlobalSection(SolutionConfigurationPlatforms) = preSolution
		Debug|Any CPU = Debug|Any CPU
		Release|Any CPU = Release|Any CPU
	EndGlobalSection
	GlobalSection(ProjectConfigurationPlatforms) = postSolution
		{819BC672-E09F-4546-9F41-390280854F87}.Debug|Any CPU.ActiveCfg = Debug|Any CPU
		{819BC672-E09F-4546-9F41-390280854F87}.Debug|Any CPU.Build.0 = Debug|Any CPU
		{819BC672-E09F-4546-9F41-390280854F87}.Release|Any CPU.ActiveCfg = Release|Any CPU
		{819BC672-E09F-4546-9F41-390280854F87}.Release|Any CPU.Build.0 = Release|Any CPU
	EndGlobalSection
	GlobalSection(SolutionProperties) = preSolution
		HideSolutionNode = FALSE
	EndGlobalSection
	GlobalSection(ExtensibilityGlobals) = postSolution
		SolutionGuid = {CD9EC116-1576-4F2A-99CF-F3C75F50CD68}
	EndGlobalSection
EndGlobal
