
Microsoft Visual Studio Solution File, Format Version 12.00
# Visual Studio 15
VisualStudioVersion = 15.0.28307.106
MinimumVisualStudioVersion = 10.0.40219.1
Project("{FAE04EC0-301F-11D3-BF4B-00C04F79EFBC}") = "ch4_12", "ch4_12\ch4_12.csproj", "{7CE4C23F-840B-4C50-85B4-6EE236982020}"
EndProject
Global
	GlobalSection(SolutionConfigurationPlatforms) = preSolution
		Debug|Any CPU = Debug|Any CPU
		Release|Any CPU = Release|Any CPU
	EndGlobalSection
	GlobalSection(ProjectConfigurationPlatforms) = postSolution
		{7CE4C23F-840B-4C50-85B4-6EE236982020}.Debug|Any CPU.ActiveCfg = Debug|Any CPU
		{7CE4C23F-840B-4C50-85B4-6EE236982020}.Debug|Any CPU.Build.0 = Debug|Any CPU
		{7CE4C23F-840B-4C50-85B4-6EE236982020}.Release|Any CPU.ActiveCfg = Release|Any CPU
		{7CE4C23F-840B-4C50-85B4-6EE236982020}.Release|Any CPU.Build.0 = Release|Any CPU
	EndGlobalSection
	GlobalSection(SolutionProperties) = preSolution
		HideSolutionNode = FALSE
	EndGlobalSection
	GlobalSection(ExtensibilityGlobals) = postSolution
		SolutionGuid = {1DDF23B6-3443-44DE-BB16-B4AFE3381EC9}
	EndGlobalSection
EndGlobal
